github.com/PuerkitoBio/goquery v1.13.0 h1:mqHbjD7Jmnul4DTR24LKTjo1uUmHUh072kteGV+xpFM=
github.com/PuerkitoBio/goquery v1.13.0/go.mod h1:Hip5mdBL8K2wEGKJdr27sRaNwIdDajmCwB/ExUPwW+g=
github.com/andybalholm/brotli v1.2.0 h1:ukwgCxwYrmACq68yiUqwIWnGY0cTPox/M94sVwToPjQ=
github.com/andybalholm/brotli v1.2.0/go.mod h1:rzTDkvFWvIrjDXZHkuS16NPggd91W3kUSvPlQ1pLaKY=
github.com/andybalholm/cascadia v1.3.4 h1:vM2lgh0Vru9Vwyfm4cQqWP2HHMW0u0+2PAW7Q38Qufg=
github.com/andybalholm/cascadia v1.3.4/go.mod h1:BLRmbRjpEtNKieZOCCvYj4RqN+KRA41GBe/5O+G93kM=
github.com/klauspost/compress v1.18.2 h1:iiPHWW0YrcFgpBYhsA6D1+fqHssJscY/Tm/y2Uqnapk=
github.com/klauspost/compress v1.18.2/go.mod h1:R0h/fSBs8DE4ENlcrlib3PsXS61voFxhIs2DeRhCvJ4=
github.com/miekg/dns v1.1.69 h1:Kb7Y/1Jo+SG+a2GtfoFUfDkG//csdRPwRLkCsxDG9Sc=
github.com/miekg/dns v1.1.69/go.mod h1:7OyjD9nEba5OkqQ/hB4fy3PIoxafSZJtducccIelz3g=
github.com/sardanioss/http v1.2.0 h1:Zq3uxnYDLeugTvaYaCzR3Tp1qDERbA2pHgkkFWRuETs=
github.com/sardanioss/http v1.2.0/go.mod h1:Bn2qBFItWB9mLCxWW+tnwDe0stlrxhXaVZKtrLn4dc0=
github.com/sardanioss/httpcloak v1.7.2 h1:bkr6E/DWchBbmk6Fr4zEpMo+3HDX43fVNyBhcskAMu0=
github.com/sardanioss/httpcloak v1.7.2/go.mod h1:1/KTNB7tlKw96yeHq0Dfa9XQoZWXkA8hd+ejXcZ68Xk=
github.com/sardanioss/net v1.2.10 h1:3YIwGBtjU+DHusIQEfkYry89URwrbp/GVqP8gQMFRik=
github.com/sardanioss/net v1.2.10/go.mod h1:BH4SOxKg5Cf0psT5htTmI7YVBXPsA+TF20Hb7glnLYA=
github.com/sardanioss/qpack v0.6.3 h1:XGXtEYzpqMD7kzq/kyRhjucohUD8JPiJvi6RuxAlueQ=
github.com/sardanioss/qpack v0.6.3/go.mod h1:RSs0PpIh6d66DzAdANPGs9eHV/AbROwpW/Egpy0kIvQ=
github.com/sardanioss/quic-go v1.2.29 h1:+diXCJFS9WgvVXgZqvSwBw+w8u4OcGjZs8WuZHAs1dA=
github.com/sardanioss/quic-go v1.2.29/go.mod h1:ghWvKi2F6gfY7nm/iT7eNV9Of3SUF7fgKf/1SGBA8PA=
github.com/sardanioss/udpbara v1.1.0 h1:fe71FKnCD/c9J27gY7IyjPM1Zt1gbklDsqJBVpW9Usk=
github.com/sardanioss/udpbara v1.1.0/go.mod h1:aNCe+94AMrx1FiSPusvGPQnsJ6TPEc1RaL/8H7BCwl4=
github.com/sardanioss/utls v1.10.5 h1:7vFm1syxf6pb5bDSPoZRzS2jzlIZg9lonlqMVL6xpZo=
github.com/sardanioss/utls v1.10.5/go.mod h1:3sXK05Ir31HiMGINYV1uMDFRv/z9JL+QY9ITi/WEbV0=
golang.org/x/crypto v0.55.0 h1:+KWHjbgOaAQ66dh/YlkZKHlz9ZUlq61AFirAR9ntP8M=
golang.org/x/crypto v0.55.0/go.mod h1:uq0V9dE/fzQuJtbnL+2EhWOE63vo164FY8xqEnV9xis=
golang.org/x/mod v0.38.0 h1:MECBjubtXD7yj4HrhIUcywNaGeNVUdfVnxmPajOk4yk=
golang.org/x/mod v0.38.0/go.mod h1:V6Xz0pq8TQ3dGqVQ1FVHuelZpAL0uNhSkk9ogYP3c40=
golang.org/x/net v0.58.0 h1:ynWG7rqYi4ccpTEuPZ2QGWHktVEM9DMCj9yzDE0Q7To=
golang.org/x/net v0.58.0/go.mod h1:YwCddHnFlT7eLQqVprV19OnhLGtc5xOKgE0RyqgfWAU=
golang.org/x/sync v0.22.0 h1:SZjpbeLmrCk4xhRSZFNZW5gFUeCeFgjekvI/+gfScek=
golang.org/x/sync v0.22.0/go.mod h1:9xrNwdLfx4jkKbNva9FpL6vEN7evnE43NNNJQ2LF3+0=
golang.org/x/sys v0.47.0 h1:o7XGOvZQCADBQQ4Y7VNq2dRWQR7JmOUW8Kxx4ZsNgWs=
golang.org/x/sys v0.47.0/go.mod h1:4GL1E5IUh+htKOUEOaiffhrAeqysfVGipDYzABqnCmw=
golang.org/x/text v0.41.0 h1:vz/seA0lnX87Othu2f/0L24RcgrXD9/YFTSuGjj3rH8=
golang.org/x/text v0.41.0/go.mod h1:jvf1O8ajNzZqhSrQBPbutR/EB83Cc0CFrezNQIwbb5M=
golang.org/x/tools v0.48.0 h1:3+hClM1aLL5mjMKm5ovokw9epgRXPuu2tILgismM6RE=
golang.org/x/tools v0.48.0/go.mod h1:08xX0orndb/F7jJxGDicx061tyd5pcMto75YMAXr6lk=
