version = 1
revision = 3
requires-python = ">=3.9"

[[package]]
name = "httpcloak"
version = "1.7.2"
source = { registry = "https://pypi.org/simple" }
wheels = [
    { url = "https://files.pythonhosted.org/packages/0c/80/9454e87249a869f1c4a942407cfd18d51e768290601ea5d27ea90d15ac21/httpcloak-1.7.2-py3-none-macosx_10_9_x86_64.whl", hash = "sha256:f5aa4ba2e82ec5987e2bb9abf115c7ede15ea139c2df0d3c8501b92c2e0d5cd4", size = 5040830, upload-time = "2026-09-02T22:56:23.646Z" },
    { url = "https://files.pythonhosted.org/packages/95/f7/f5aee2c28a053839ab4f5d3ca59d96ecef44cfe6ca848700c9b3a6008495/httpcloak-1.7.2-py3-none-macosx_11_0_arm64.whl", hash = "sha256:d2e49844045746bfce285c90de49912fbdc31b0eae6be35e50b1f730533fc266", size = 4627968, upload-time = "2026-09-02T22:56:25.146Z" },
    { url = "https://files.pythonhosted.org/packages/88/03/7555fcd9b1680d1829121d34646f071333520d0e66ad35189c8657d06dba/httpcloak-1.7.2-py3-none-manylinux_2_17_aarch64.whl", hash = "sha256:773ccac94ebb6d276fe8668969864be2749e47f77dee3c65c3fc9c448537eb93", size = 4810047, upload-time = "2026-09-02T22:56:26.428Z" },
    { url = "https://files.pythonhosted.org/packages/da/1b/dfb3bde4add5b221f266db1c08bf39fde2cefd8b535cf42c36009597c227/httpcloak-1.7.2-py3-none-manylinux_2_17_x86_64.whl", hash = "sha256:7befa2a497a0a1f687ae03f2aa243afd0cc60037478b892933dc480334496938", size = 5319301, upload-time = "2026-09-02T22:56:27.74Z" },
    { url = "https://files.pythonhosted.org/packages/2b/b3/67f6b10179f7d7de17fa2bae1bccf727e594e741cd7a1591c8c61144270e/httpcloak-1.7.2-py3-none-win_amd64.whl", hash = "sha256:ed92bb83ba9121d00c35ed85718a5e085be9eae63d4b8371ff78f6de6ab10d95", size = 5109964, upload-time = "2026-09-02T22:56:29.089Z" },
]

[[package]]
name = "photos-engine"
version = "0.1.0"
source = { editable = "." }
dependencies = [
    { name = "httpcloak" },
    { name = "selectolax" },
]

[package.metadata]
requires-dist = [
    { name = "httpcloak", specifier = ">=1.7.0" },
    { name = "selectolax", specifier = ">=0.4.0" },
]

[[package]]
name = "selectolax"
version = "0.4.11"
source = { registry = "https://pypi.org/simple" }
sdist = { url = "https://files.pythonhosted.org/packages/39/6c/aec38dfee314a38cb7c0940fe055b22f22627b3e0a216772c24372eef3a9/selectolax-0.4.11.tar.gz", hash = "sha256:2b565ddabce6c9a7b73fa28a39acf8f411a084fa2f169234ec2470f552d4421d", size = 4883455, upload-time = "2026-07-15T07:25:30.588Z" }
wheels = [
    { url = "https://files.pythonhosted.org/packages/d0/45/db8c56bc6a4adacf308f8b429ad3bb3f610d144c5e715760d523d3d4fe78/selectolax-0.4.11-cp310-cp310-macosx_10_9_x86_64.whl", hash = "sha256:3066be35f630e4c4a00cf2c829548574fcba5963735411e6a9ac78bd4ca830ce", size = 2219152, upload-time = "2026-07-15T07:23:41.021Z" },
    { url = "https://files.pythonhosted.org/packages/a1/a7/6753cb42b04b4de4bffe9e3f0af1b896c5aaa8a9cb4d82e68672e1e7de37/selectolax-0.4.11-cp310-cp310-macosx_11_0_arm64.whl", hash = "sha256:57e71c021d9950113e7d49892eba56014c072c9d86b71c0b3b7cb846ee913e20", size = 2274121, upload-time = "2026-07-15T07:23:43.154Z" },
    { url = "https://files.pythonhosted.org/packages/f9/12/39dae054c13a07199a53f45e4ea8ffe9b639444d3d0cbfe1cc2479e6fdab/selectolax-0.4.11-cp310-cp310-manylinux2014_aarch64.manylinux_2_17_aarch64.manylinux_2_28_aarch64.whl", hash = "sha256:dbee8998d426c1b6b78aab7a051009f9de38d77b93d073025ae19f7d71b3ead3", size = 2352814, upload-time = "2026-07-15T07:23:44.883Z" },
    { url = "https://files.pythonhosted.org/packages/8d/3e/f396451d63adf05733563297eee1f366d28c8d27d570488ff008af542898/selectolax-0.4.11-cp310-cp310-manylinux2014_x86_64.manylinux_2_17_x86_64.manylinux_2_28_x86_64.whl", hash = "sha256:75eeddbd3db7e82293a325c210cf4d218d25961870dbb468383c7516e3f577aa", size = 2403249, upload-time = "2026-07-15T07:23:46.599Z" },
    { url = "https://files.pythonhosted.org/packages/6b/69/17211eba5192027edfb8e6c4f81c3c8480aff70f45df11dbfc25804ec036/selectolax-0.4.11-cp310-cp310-musllinux_1_2_aarch64.whl", hash = "sha256:991866e2f45ce85e3ce7a31714e522f620d83b1eca15fe530055108a94e6087e", size = 2357330, upload-time = "2026-07-15T07:23:48.404Z" },
    { url = "https://files.pythonhosted.org/packages/e4/eb/f7ea711b7d3ce031fd274c605911044ba0a02e963174d8ae18e424ac2483/selectolax-0.4.11-cp310-cp310-musllinux_1_2_x86_64.whl", hash = "sha256:dc8d449adfdef675bcbfc67d5548513271c7ea869e9b71a2e898138bf34a976a", size = 2413043, upload-time = "2026-07-15T07:23:50.146Z" },
    { url = "https://files.pythonhosted.org/packages/6f/e8/fff61f15307a0ab603589a82d1156608b750484a7313d98e6c5a402cd3a7/selectolax-0.4.11-cp310-cp310-win32.whl", hash = "sha256:3abf5aecfd0c314b62c10ce6e9baee2094cb385e2ec154bd1743febd2fcc9bdb", size = 1768012, upload-time = "2026-07-15T07:23:51.722Z" },
    { url = "https://files.pythonhosted.org/packages/15/ee/fd90974836be691908d83a2a545b8e89de5b0c40568c79cf866e55051af8/selectolax-0.4.11-cp310-cp310-win_amd64.whl", hash = "sha256:21359cf4d1261b314895c07321e76aa2334b1967956efba04cc0d223d7817f48", size = 1883819, upload-time = "2026-07-15T07:23:53.256Z" },
    { url = "https://files.pythonhosted.org/packages/36/ca/11c893aa248687fce3e0332b86b373de2493cf8c494e66309fdd1e631a11/selectolax-0.4.11-cp310-cp310-win_arm64.whl", hash = "sha256:96de39e2f28c359cf930547193b2cacf0ab6b9187309e2515461fff9d5a5aa3c", size = 1825030, upload-time = "2026-07-15T07:23:54.821Z" },
    { url = "https://files.pythonhosted.org/packages/78/ac/aeb509fbeaccf339ef66c7ee9e3a203c908e5fffb53cb4deb5aa29a16a41/selectolax-0.4.11-cp311-cp311-macosx_10_9_x86_64.whl", hash = "sha256:80af1c7345701934769679a83fcc86526c56eef590423cc2d55cc1eb81adfa5f", size = 2223554, upload-time = "2026-07-15T07:23:56.383Z" },
    { url = "https://files.pythonhosted.org/packages/66/5a/804248c189b0eadeeee613dddfaf965d1476cb7e6480222c2ea707d7d89d/selectolax-0.4.11-cp311-cp311-macosx_11_0_arm64.whl", hash = "sha256:a532f1993f08f627300891751982dd9641ce1bd29618b535232aec9fa023a1c8", size = 2279032, upload-time = "2026-07-15T07:23:58.056Z" },
    { url = "https://files.pythonhosted.org/packages/75/68/058eb65781e25c25d5db2eed4a26f0a8a63251c012def5e20eab1ec11eac/selectolax-0.4.11-cp311-cp311-manylinux2014_aarch64.manylinux_2_17_aarch64.manylinux_2_28_aarch64.whl", hash = "sha256:8166bb8cad8f2eabed664f689b708851078b74dd50dd93e426b291095badc2cb", size = 2358093, upload-time = "2026-07-15T07:23:59.722Z" },
    { url = "https://files.pythonhosted.org/packages/15/42/2150e058273f5afa3669026bef89bf16cd7d76b38adad4f0a537fec34c2c/selectolax-0.4.11-cp311-cp311-manylinux2014_x86_64.manylinux_2_17_x86_64.manylinux_2_28_x86_64.whl", hash = "sha256:ad4bbf08af4e2c89f78dd12a7b8265f0924d0434705bd955b5a262297a924452", size = 2409067, upload-time = "2026-07-15T07:24:01.361Z" },
    { url = "https://files.pythonhosted.org/packages/5d/07/24287ec819f8f8c5ccdcf39b3672fd569a6f53acf7c3ed167dd829fc0f70/selectolax-0.4.11-cp311-cp311-musllinux_1_2_aarch64.whl", hash = "sha256:81f21972788df01b83a5940d9b7d62e6e222f80872c2cfaf67927276e8ef4975", size = 2362638, upload-time = "2026-07-15T07:24:02.921Z" },
    { url = "https://files.pythonhosted.org/packages/7d/64/7b5be0d6a53b9be7f0548c5e54fb2ca9b6c59552fc95ae9ac3d7bccd44ae/selectolax-0.4.11-cp311-cp311-musllinux_1_2_x86_64.whl", hash = "sha256:9862c1d0435e89e419e0c595084eaa8f6f71c3fb7a968bdff51db595cec07161", size = 2417494, upload-time = "2026-07-15T07:24:04.465Z" },
    { url = "https://files.pythonhosted.org/packages/2b/2a/07c4a7421bb3d547a54bdd11e91a5e6c5fcf0423bf0f58716fa04db9a53c/selectolax-0.4.11-cp311-cp311-win32.whl", hash = "sha256:e2d7e1a2b67a5e8d251733b2c3f978ed26a56d04552472e0a2fb5ea41fa4e663", size = 1767180, upload-time = "2026-07-15T07:24:05.998Z" },
    { url = "https://files.pythonhosted.org/packages/ac/17/6516a608f7d0f258b27ae7ca838a4db2fb72ade6fed21a05b566795d44cf/selectolax-0.4.11-cp311-cp311-win_amd64.whl", hash = "sha256:8da39a07a589fd181b5e8d25f695d7d40d3a1d89e47c2e00c08ece7fff5ddd3d", size = 1884122, upload-time = "2026-07-15T07:24:07.511Z" },
    { url = "https://files.pythonhosted.org/packages/08/28/3d31a7b6aaad9df1c874278d859a8bae025ec26dced1cf5cc12214901151/selectolax-0.4.11-cp311-cp311-win_arm64.whl", hash = "sha256:dcd24bfc4899e4df2bdcbabc973384367686f391e5a2d8ebb229c043f43be82a", size = 1824236, upload-time = "2026-07-15T07:24:08.998Z" },
    { url = "https://files.pythonhosted.org/packages/d7/96/d3b085e0a6bcb1e9a21a62617a826f14c7d569f70fee848579039db276bf/selectolax-0.4.11-cp312-cp312-macosx_10_13_x86_64.whl", hash = "sha256:25d633cddca0fc769e7d890e9e838908fb4a7326eec5e3b23ae42c27f457541d", size = 2251530, upload-time = "2026-07-15T07:24:10.677Z" },
    { url = "https://files.pythonhosted.org/packages/a7/65/21ff78e6050b71f6467e7baad3eb58b935ade210a72e3e339ce9e6f68ac5/selectolax-0.4.11-cp312-cp312-macosx_11_0_arm64.whl", hash = "sha256:634db1b7ae1b1f10ee0b0adbef0eee1aec65a3d01f09b75132bc5b043b7623d1", size = 2300794, upload-time = "2026-07-15T07:24:12.322Z" },
    { url = "https://files.pythonhosted.org/packages/a4/60/faa1878ba9bd362e9078f664e570d3085b3cd679aee49c044a03b4530513/selectolax-0.4.11-cp312-cp312-manylinux2014_aarch64.manylinux_2_17_aarch64.manylinux_2_28_aarch64.whl", hash = "sha256:168b34466dc4f998d7ceb04f218693546d141543e7c5d327f9e006c0799cd62c", size = 2382882, upload-time = "2026-07-15T07:24:13.906Z" },
    { url = "https://files.pythonhosted.org/packages/e1/a6/a556d87dc37e972cc615384df8376e94bc043fba2ef9fbbf68629a1c8d99/selectolax-0.4.11-cp312-cp312-manylinux2014_x86_64.manylinux_2_17_x86_64.manylinux_2_28_x86_64.whl", hash = "sha256:4c3d4fd42deabfd03cc5c4fce9517e7226054f9de3984759476e6c4a7b7fe187", size = 2431493, upload-time = "2026-07-15T07:24:15.518Z" },
    { url = "https://files.pythonhosted.org/packages/0e/ca/d95beee6453d3837cba042351e216fb62881750ca930b8d29b223e174224/selectolax-0.4.11-cp312-cp312-musllinux_1_2_aarch64.whl", hash = "sha256:8f0223a83051ece2591a1d0cf487f1d0719cb76660d7c5de4c0a201b761c5c23", size = 2387809, upload-time = "2026-07-15T07:24:17.648Z" },
    { url = "https://files.pythonhosted.org/packages/c8/b9/449a4626740099a5cebcb112fee82e423dd1d603f43f72e22b802acc1f8c/selectolax-0.4.11-cp312-cp312-musllinux_1_2_x86_64.whl", hash = "sha256:dff45ee85409e6126e4900e0db6950a59a7b58b7ff9d667a6a275b0405b87692", size = 2449963, upload-time = "2026-07-15T07:24:19.666Z" },
    { url = "https://files.pythonhosted.org/packages/f3/de/798b416cba8cc05b9382d81724e73abd887d6ebe441edee848bb23773be9/selectolax-0.4.11-cp312-cp312-win32.whl", hash = "sha256:f69c377298a09f571c89af5916ac85f69a9aaedd7312b0bb803a46d2ca2f9048", size = 1763553, upload-time = "2026-07-15T07:24:21.454Z" },
    { url = "https://files.pythonhosted.org/packages/41/da/e9f32bc598cbd50a5b1e947636f13396511e3d916ab603b622a61c84347f/selectolax-0.4.11-cp312-cp312-win_amd64.whl", hash = "sha256:48545b0351b6f92c4ad2fff835e832768d0cb37834766a82f40242e51fc9901d", size = 1881516, upload-time = "2026-07-15T07:24:22.819Z" },
    { url = "https://files.pythonhosted.org/packages/6d/48/5f0e2f9d098333efd3a83ed9dae78b83b6fbb504be1c5a4b95b28e7b5870/selectolax-0.4.11-cp312-cp312-win_arm64.whl", hash = "sha256:daf7a841d1baa795f940200bec45019c4a31020def16e3a4e35485e82ed64167", size = 1817321, upload-time = "2026-07-15T07:24:25.326Z" },
    { url = "https://files.pythonhosted.org/packages/4e/b5/6e0653d45b8d138b3fc37b37780b989761fb486e7c002aa413eb89d3ad64/selectolax-0.4.11-cp313-cp313-macosx_10_13_x86_64.whl", hash = "sha256:5153157ed60d968ed303acbfd2c8762fa0c0462e2663bd04466471c565deb88a", size = 2250779, upload-time = "2026-07-15T07:24:26.769Z" },
    { url = "https://files.pythonhosted.org/packages/53/c5/c367cf0583799d8c32555c4fa3b900b1e8de1aef07fb009c488a615b6ed0/selectolax-0.4.11-cp313-cp313-macosx_11_0_arm64.whl", hash = "sha256:386494779e5464e587ed4dc076e1c48c24ebaf2da1e3a249690551d1f97fe8ed", size = 2300206, upload-time = "2026-07-15T07:24:28.321Z" },
    { url = "https://files.pythonhosted.org/packages/a7/61/956974dc429e3df99814d1ba5629a324eef366e2116b030fdd5354713402/selectolax-0.4.11-cp313-cp313-manylinux2014_aarch64.manylinux_2_17_aarch64.manylinux_2_28_aarch64.whl", hash = "sha256:47be0e591125484de14ff0c9aaaa814dd4a4019de35eabe360e88169a263a2b5", size = 2382455, upload-time = "2026-07-15T07:24:29.907Z" },
    { url = "https://files.pythonhosted.org/packages/51/f6/626716e2730f396bd81b853b37e9eeddd3a847730efff7548ad6d695c6e8/selectolax-0.4.11-cp313-cp313-manylinux2014_x86_64.manylinux_2_17_x86_64.manylinux_2_28_x86_64.whl", hash = "sha256:f8f014f328f6f79a364293bca54d43af1cec776dc10a5302054a54b5fb2d8675", size = 2431069, upload-time = "2026-07-15T07:24:31.55Z" },
    { url = "https://files.pythonhosted.org/packages/48/f6/acb03eb9e468f74fab17c655761179022fed57bfb1b25ff741e8c0c6a06c/selectolax-0.4.11-cp313-cp313-musllinux_1_2_aarch64.whl", hash = "sha256:c3f6fac361b5f415c409dfd1a07dd0e9a5899d10daba8d88ce16bd552b0e06f2", size = 2387626, upload-time = "2026-07-15T07:24:33.029Z" },
    { url = "https://files.pythonhosted.org/packages/5a/08/e242e5785e049499771ac5e560112396d244e6142348eaf1c70849f83a66/selectolax-0.4.11-cp313-cp313-musllinux_1_2_x86_64.whl", hash = "sha256:f8121f4cbfe870d9ad24ae418a735d918d55844e905c3270077e97f4e579770f", size = 2449451, upload-time = "2026-07-15T07:24:34.648Z" },
    { url = "https://files.pythonhosted.org/packages/15/5d/b5dfbde64d622cc94d2136edb0caaafb5779ebbd884f6ae9c041d8dfa669/selectolax-0.4.11-cp313-cp313-win32.whl", hash = "sha256:bde121202b33e6041e9d2db1d62e7466b5883fd1c441eb96ff68d3ea015cfcbd", size = 1763387, upload-time = "2026-07-15T07:24:36.239Z" },
    { url = "https://files.pythonhosted.org/packages/6e/90/2888c831ebd473b6c17486d805a16925187c743964bbf895ec421c1cf2ab/selectolax-0.4.11-cp313-cp313-win_amd64.whl", hash = "sha256:5c7a91fbe1a94849d85228897c416ab9b4518bea6b04dce8ef8acd825ec80e9d", size = 1882102, upload-time = "2026-07-15T07:24:37.847Z" },
    { url = "https://files.pythonhosted.org/packages/83/ea/e78be8710bf162b43d6336ee354fbe21ea712284bd0bf58c67e15264862d/selectolax-0.4.11-cp313-cp313-win_arm64.whl", hash = "sha256:597b8e065978be200c598ae6d682496d96fbce14d34b5d519e93cf5b6be5fb60", size = 1817155, upload-time = "2026-07-15T07:24:39.354Z" },
    { url = "https://files.pythonhosted.org/packages/08/5a/ba94f50ca5a6a0af65e8d47147bbe9f6ad11c408fd03c832ea737836d3eb/selectolax-0.4.11-cp314-cp314-macosx_10_13_x86_64.whl", hash = "sha256:663ff792f92ed749cfcf452ac19aff5da74b05521e7daacb3b74388deb14d117", size = 2266464, upload-time = "2026-07-15T07:24:41.038Z" },
    { url = "https://files.pythonhosted.org/packages/12/fe/f4d7d554cd7db415c831c8fb5a2b6bbbe3bdf5a49c8f417a6093d4618d6c/selectolax-0.4.11-cp314-cp314-macosx_11_0_arm64.whl", hash = "sha256:d5ce592a92fceeca2694b369a83ad72891a9c356f668718fe7e1c83eea407bb4", size = 2317609, upload-time = "2026-07-15T07:24:42.682Z" },
    { url = "https://files.pythonhosted.org/packages/96/d6/9d702075634c1a38517a8af4242346bf0e65f206703037b56cf8da114eec/selectolax-0.4.11-cp314-cp314-manylinux2014_aarch64.manylinux_2_17_aarch64.manylinux_2_28_aarch64.whl", hash = "sha256:b0f56c49161b18621ac452e42e02b0c5c61ba4c21095cfff3990e040bd9a043c", size = 2382277, upload-time = "2026-07-15T07:24:44.331Z" },
    { url = "https://files.pythonhosted.org/packages/84/c3/f541806ec7bdd0ce8ec69351572d2f2b3919264818cd5bb792482684d492/selectolax-0.4.11-cp314-cp314-manylinux2014_x86_64.manylinux_2_17_x86_64.manylinux_2_28_x86_64.whl", hash = "sha256:224682039ca13eb822be626e49a03592ee2b8557bcdc6381e49417a995170c94", size = 2430423, upload-time = "2026-07-15T07:24:45.937Z" },
    { url = "https://files.pythonhosted.org/packages/70/81/533fa254be8e63b1c0fbe261ba4e2c1ca86357a4844b0830a0d7ae0985f9/selectolax-0.4.11-cp314-cp314-musllinux_1_2_aarch64.whl", hash = "sha256:bd843540a197a33049a08fd80e59bfeafbaa688e632d53a05a9b65af5e88296f", size = 2404012, upload-time = "2026-07-15T07:24:47.774Z" },
    { url = "https://files.pythonhosted.org/packages/25/5a/3fc3de5bfdc70af07d55bdc17837b5fd4ae6229444868f057085addd9a18/selectolax-0.4.11-cp314-cp314-musllinux_1_2_x86_64.whl", hash = "sha256:2b842c829f916fecb51f0f55882eca3e2ad49e85388178f14ae6fe0912be0a57", size = 2466775, upload-time = "2026-07-15T07:24:49.387Z" },
    { url = "https://files.pythonhosted.org/packages/f2/42/62c66067cbd3c360f762ac6964793091ea0371b3527ca2bf90955fb0b6f3/selectolax-0.4.11-cp314-cp314-win32.whl", hash = "sha256:d33e2ed75cc33e7af3fd50521c33e7d8634fae23bc197a6cee6a5015e056eef6", size = 1875717, upload-time = "2026-07-15T07:24:50.996Z" },
    { url = "https://files.pythonhosted.org/packages/14/b5/6d9ed39e909752645798c1469fb9443c0880ede999e63241ee89e91c7a54/selectolax-0.4.11-cp314-cp314-win_amd64.whl", hash = "sha256:e5929cbe3eedfaf51a09ec89642ab5355b703486d43bcf3c8f0c27d6043a488d", size = 1994595, upload-time = "2026-07-15T07:24:53.143Z" },
    { url = "https://files.pythonhosted.org/packages/49/f9/f172cfe8c29e295b9d7bc79e5b071937470f74311cd04dc3090d4166520a/selectolax-0.4.11-cp314-cp314-win_arm64.whl", hash = "sha256:466daca0599408c9d2cad7658a68490facc5c9b8d0f41ac5d17948914f57306f", size = 1928531, upload-time = "2026-07-15T07:24:55.539Z" },
    { url = "https://files.pythonhosted.org/packages/97/e9/6289d23fa4e5ccd5570a31c9180616a2e3c87ec565f7887bcfbca6204b6d/selectolax-0.4.11-cp314-cp314t-macosx_10_13_x86_64.whl", hash = "sha256:086ca6f7e4c475bfff871ec1448ae5d342d43d6a2ca2cea65160d01b3a6a75ec", size = 2281363, upload-time = "2026-07-15T07:24:57.054Z" },
    { url = "https://files.pythonhosted.org/packages/06/c4/1fbf3624f9e52dadda8471dfb68eaf6021e819b827cdb62ce878fa28f469/selectolax-0.4.11-cp314-cp314t-macosx_11_0_arm64.whl", hash = "sha256:b530a2c4fad7400af27b2b7e0333c1318ecb5f5dc38e8a141dbe3bd81b398fdf", size = 2325491, upload-time = "2026-07-15T07:24:58.969Z" },
    { url = "https://files.pythonhosted.org/packages/b6/ba/25710a259ecb2b66b9168956b768a2651533c8ea813da9decb0e0f3ee39a/selectolax-0.4.11-cp314-cp314t-manylinux2014_aarch64.manylinux_2_17_aarch64.manylinux_2_28_aarch64.whl", hash = "sha256:3637d21f7fe60fbd6ca3dbc67a1747f6a55a9389114d72f06b5d69ba2beddf01", size = 2387575, upload-time = "2026-07-15T07:25:00.788Z" },
    { url = "https://files.pythonhosted.org/packages/bc/73/331f83e64e3a17478e832308248345d5224957eb7a62dad2e7fc5daa15b3/selectolax-0.4.11-cp314-cp314t-manylinux2014_x86_64.manylinux_2_17_x86_64.manylinux_2_28_x86_64.whl", hash = "sha256:fad5b1065f73eeaa07ea343cbc548aaa9f9a5c359c3bdd8d98f5d80b61550d1c", size = 2439126, upload-time = "2026-07-15T07:25:02.574Z" },
    { url = "https://files.pythonhosted.org/packages/d0/33/ab29a558dc65d3a1e28c217b62605b5135123ad89f1f825c8b741366e0fc/selectolax-0.4.11-cp314-cp314t-musllinux_1_2_aarch64.whl", hash = "sha256:1da54e42ab99b9191269306e13c0fd67ada1c6654e8dc8d74fac615931dd3c62", size = 2412927, upload-time = "2026-07-15T07:25:04.375Z" },
    { url = "https://files.pythonhosted.org/packages/ae/b6/e774ec9179d7524adf47d7187b3e4e630104e149b2fbcbfe06088a3f4847/selectolax-0.4.11-cp314-cp314t-musllinux_1_2_x86_64.whl", hash = "sha256:28915b8fa90c1c3cb585858a6d24d433a3f38ea514aea59013bdb0930d9f6025", size = 2475264, upload-time = "2026-07-15T07:25:05.996Z" },
    { url = "https://files.pythonhosted.org/packages/97/14/0b4865125e777c9d852c9e388c1165e2ef4d7f1fb46596b13a1c02153fe7/selectolax-0.4.11-cp314-cp314t-win32.whl", hash = "sha256:1a6deb4464198ac67f32e56c4463aedf3e1d834b458eaac5b5b5b1ef02dcf15e", size = 1898010, upload-time = "2026-07-15T07:25:07.859Z" },
    { url = "https://files.pythonhosted.org/packages/40/1a/88db3237f2fb357119164c4f5a33a659615e3d10dd0f773d092341ee0cc4/selectolax-0.4.11-cp314-cp314t-win_amd64.whl", hash = "sha256:41f388c26304c1d840f5ee5e07c06bb9388ec834d10fec60dc148f22f98efd38", size = 2019721, upload-time = "2026-07-15T07:25:09.471Z" },
    { url = "https://files.pythonhosted.org/packages/37/03/193913c0f3d37c1e8d66ebfa0f139b2f286f70ec285907aa98b44a620447/selectolax-0.4.11-cp314-cp314t-win_arm64.whl", hash = "sha256:9077fa36e99ef4bb801194ff8f492f67279c0562e7cdfa9b4d06f5c010131969", size = 1950774, upload-time = "2026-07-15T07:25:11.533Z" },
    { url = "https://files.pythonhosted.org/packages/26/36/e6bc69e5a222ed744fdd0315843db2f3b47b0185cee11d05369da1f8f714/selectolax-0.4.11-cp39-cp39-macosx_10_9_x86_64.whl", hash = "sha256:36183968e5c122da414db0dd7d22d4a6ca808e9b9e4837532dfbe55df6f26bff", size = 2220016, upload-time = "2026-07-15T07:25:13.553Z" },
    { url = "https://files.pythonhosted.org/packages/35/1e/d9e45b15a641c72606c8774a7cab35dcdb2132a78e76c54dcdf8e5a051d3/selectolax-0.4.11-cp39-cp39-macosx_11_0_arm64.whl", hash = "sha256:83515cc0fe9b8c4a1ca8bfcd83cf48408bcdd3f2fccd088f04635619e93695c9", size = 2275029, upload-time = "2026-07-15T07:25:15.155Z" },
    { url = "https://files.pythonhosted.org/packages/86/42/f5a135510880f58bff59a226d5e49053cf167273770d91e9d8d809302d82/selectolax-0.4.11-cp39-cp39-manylinux2014_aarch64.manylinux_2_17_aarch64.manylinux_2_28_aarch64.whl", hash = "sha256:d00753a5f832625f69b585dda7a7ddc1a7d2803c31aa8710c5d209fca064d774", size = 2353783, upload-time = "2026-07-15T07:25:16.842Z" },
    { url = "https://files.pythonhosted.org/packages/9c/42/d264789cc13e9bd38cc0ccb19aa9b07f75d825a27fce197faed54259c464/selectolax-0.4.11-cp39-cp39-manylinux2014_x86_64.manylinux_2_17_x86_64.manylinux_2_28_x86_64.whl", hash = "sha256:8ff49b24d4e5c81bcc96b25e2cf23d9af2d06e4d473865c812487be6665416c0", size = 2404250, upload-time = "2026-07-15T07:25:18.784Z" },
    { url = "https://files.pythonhosted.org/packages/00/37/ccfd3e5b25df5bed17401468cfc904475ff3482f25c118fba36a03a14287/selectolax-0.4.11-cp39-cp39-musllinux_1_2_aarch64.whl", hash = "sha256:5ff73122f5fee3350528235349f1b9e5626a1a0ef1887fef82d7fddac18f6605", size = 2358864, upload-time = "2026-07-15T07:25:20.585Z" },
    { url = "https://files.pythonhosted.org/packages/de/ed/d534f47cfaae049d7c6df1cea82825f10a24055731b618a049ad7047585a/selectolax-0.4.11-cp39-cp39-musllinux_1_2_x86_64.whl", hash = "sha256:75c13f519ecb85185e149049bd4c4937aa0b953bd21e1748eb711c6cdcee571e", size = 2413631, upload-time = "2026-07-15T07:25:22.385Z" },
    { url = "https://files.pythonhosted.org/packages/6c/02/5dc178467c5d356611e7a7958c46dc743664ef17d86481660f8f22ce1e0b/selectolax-0.4.11-cp39-cp39-win32.whl", hash = "sha256:903286e6d9752b63b3b37f9ee98a8ff7db403b23416b469b065cc992b2556b80", size = 1768608, upload-time = "2026-07-15T07:25:24.256Z" },
    { url = "https://files.pythonhosted.org/packages/7f/39/a3f8aa79d7b8b00844ffdc3eb9d281dfafc43a032fd6d9e72dfc526e2693/selectolax-0.4.11-cp39-cp39-win_amd64.whl", hash = "sha256:f4894d4cb2b9cd4828dc9d9cbed683db051748fde66f5937aa823f2afff16b36", size = 1884300, upload-time = "2026-07-15T07:25:26.534Z" },
    { url = "https://files.pythonhosted.org/packages/bb/a7/273a7462c30f54faecc51977884d08b98dc3a7852b08a0f3ce16b1853ab6/selectolax-0.4.11-cp39-cp39-win_arm64.whl", hash = "sha256:2e8d01d9688e9670b7ed3f042dc7ba379f844fb7fcb8e85191885ed75d6178fb", size = 1825691, upload-time = "2026-07-15T07:25:28.431Z" },
]
